
Microsoft Visual Studio Solution File, Format Version 12.00
# Visual Studio Version 17
VisualStudioVersion = 17.14.36221.1
MinimumVisualStudioVersion = 10.0.40219.1
Project("{FAE04EC0-301F-11D3-BF4B-00C04F79EFBC}") = "Project 1", "Project 1\Project 1.csproj", "{150B54F0-ABE8-453A-9F8F-E82BC12D1326}"
EndProject
Project("{FAE04EC0-301F-11D3-BF4B-00C04F79EFBC}") = "Assignment 3", "Assignment 3\Assignment 3.csproj", "{1A5B1F4C-7538-40E8-B698-0C33BCB5FC6C}"
EndProject
Project("{FAE04EC0-301F-11D3-BF4B-00C04F79EFBC}") = "assignment 4", "assignment 4\assignment 4.csproj", "{47299BDE-588C-4182-B019-E031EB5F97AE}"
EndProject
Project("{FAE04EC0-301F-11D3-BF4B-00C04F79EFBC}") = "Task_lecture", "Task_lecture\Task_lecture.csproj", "{E774380C-A5C8-4916-B601-4122782C1F2F}"
EndProject
Project("{FAE04EC0-301F-11D3-BF4B-00C04F79EFBC}") = "Assignment 5", "Assignment 5\Assignment 5.csproj", "{9EB44096-54D5-435C-9E81-6591381C8F54}"
EndProject
Project("{FAE04EC0-301F-11D3-BF4B-00C04F79EFBC}") = "Assignment 6", "Assignment 6\Assignment 6.csproj", "{302788EB-EE36-4552-8DE6-61291EDFC9BC}"
EndProject
Project("{FAE04EC0-301F-11D3-BF4B-00C04F79EFBC}") = "Assignment 1 oop", "Assignment 1 oop\Assignment 1 oop.csproj", "{B67ED3F1-A233-4753-843B-267C822BF4BB}"
EndProject
Project("{FAE04EC0-301F-11D3-BF4B-00C04F79EFBC}") = "Common", "Common\Common.csproj", "{8A362A5C-7F02-4153-8FAA-AA1BC726971B}"
EndProject
Project("{FAE04EC0-301F-11D3-BF4B-00C04F79EFBC}") = "Assignment 2 oop", "Assignment 2 oop\Assignment 2 oop.csproj", "{F18A6026-684B-4DAE-B32B-7FBA67670BA2}"
EndProject
Project("{FAE04EC0-301F-11D3-BF4B-00C04F79EFBC}") = "Assignment 3 oop", "Assignment 3 oop\Assignment 3 oop.csproj", "{97FEC807-ACFF-48D5-885D-9BEFBE81A589}"
EndProject
Project("{FAE04EC0-301F-11D3-BF4B-00C04F79EFBC}") = "Assignment 4 oop", "Assignment 4 oop\Assignment 4 oop.csproj", "{3B78052E-43B4-4D00-8333-6B2464E6C81F}"
EndProject
Project("{FAE04EC0-301F-11D3-BF4B-00C04F79EFBC}") = "Assignment 5 oop", "Assignment 5 oop\Assignment 5 oop.csproj", "{63311A54-2FC4-4605-A1DE-1DC7482B77E7}"
EndProject
Project("{FAE04EC0-301F-11D3-BF4B-00C04F79EFBC}") = "Assignment 6 oop", "Assignment 6 oop\Assignment 6 oop.csproj", "{03E3D874-8CC6-4713-B6CD-AC2F3E21456F}"
EndProject
Project("{FAE04EC0-301F-11D3-BF4B-00C04F79EFBC}") = "C# advance - Delegates", "C# advance - Delegates\C# advance - Delegates.csproj", "{B455F27E-DA2C-4698-95A5-EE7D6D5AA10C}"
EndProject
Global
	GlobalSection(SolutionConfigurationPlatforms) = preSolution
		Debug|Any CPU = Debug|Any CPU
		Release|Any CPU = Release|Any CPU
	EndGlobalSection
	GlobalSection(ProjectConfigurationPlatforms) = postSolution
		{150B54F0-ABE8-453A-9F8F-E82BC12D1326}.Debug|Any CPU.ActiveCfg = Debug|Any CPU
		{150B54F0-ABE8-453A-9F8F-E82BC12D1326}.Debug|Any CPU.Build.0 = Debug|Any CPU
		{150B54F0-ABE8-453A-9F8F-E82BC12D1326}.Release|Any CPU.ActiveCfg = Release|Any CPU
		{150B54F0-ABE8-453A-9F8F-E82BC12D1326}.Release|Any CPU.Build.0 = Release|Any CPU
		{1A5B1F4C-7538-40E8-B698-0C33BCB5FC6C}.Debug|Any CPU.ActiveCfg = Debug|Any CPU
		{1A5B1F4C-7538-40E8-B698-0C33BCB5FC6C}.Debug|Any CPU.Build.0 = Debug|Any CPU
		{1A5B1F4C-7538-40E8-B698-0C33BCB5FC6C}.Release|Any CPU.ActiveCfg = Release|Any CPU
		{1A5B1F4C-7538-40E8-B698-0C33BCB5FC6C}.Release|Any CPU.Build.0 = Release|Any CPU
		{47299BDE-588C-4182-B019-E031EB5F97AE}.Debug|Any CPU.ActiveCfg = Debug|Any CPU
		{47299BDE-588C-4182-B019-E031EB5F97AE}.Debug|Any CPU.Build.0 = Debug|Any CPU
		{47299BDE-588C-4182-B019-E031EB5F97AE}.Release|Any CPU.ActiveCfg = Release|Any CPU
		{47299BDE-588C-4182-B019-E031EB5F97AE}.Release|Any CPU.Build.0 = Release|Any CPU
		{E774380C-A5C8-4916-B601-4122782C1F2F}.Debug|Any CPU.ActiveCfg = Debug|Any CPU
		{E774380C-A5C8-4916-B601-4122782C1F2F}.Debug|Any CPU.Build.0 = Debug|Any CPU
		{E774380C-A5C8-4916-B601-4122782C1F2F}.Release|Any CPU.ActiveCfg = Release|Any CPU
		{E774380C-A5C8-4916-B601-4122782C1F2F}.Release|Any CPU.Build.0 = Release|Any CPU
		{9EB44096-54D5-435C-9E81-6591381C8F54}.Debug|Any CPU.ActiveCfg = Debug|Any CPU
		{9EB44096-54D5-435C-9E81-6591381C8F54}.Debug|Any CPU.Build.0 = Debug|Any CPU
		{9EB44096-54D5-435C-9E81-6591381C8F54}.Release|Any CPU.ActiveCfg = Release|Any CPU
		{9EB44096-54D5-435C-9E81-6591381C8F54}.Release|Any CPU.Build.0 = Release|Any CPU
		{302788EB-EE36-4552-8DE6-61291EDFC9BC}.Debug|Any CPU.ActiveCfg = Debug|Any CPU
		{302788EB-EE36-4552-8DE6-61291EDFC9BC}.Debug|Any CPU.Build.0 = Debug|Any CPU
		{302788EB-EE36-4552-8DE6-61291EDFC9BC}.Release|Any CPU.ActiveCfg = Release|Any CPU
		{302788EB-EE36-4552-8DE6-61291EDFC9BC}.Release|Any CPU.Build.0 = Release|Any CPU
		{B67ED3F1-A233-4753-843B-267C822BF4BB}.Debug|Any CPU.ActiveCfg = Debug|Any CPU
		{B67ED3F1-A233-4753-843B-267C822BF4BB}.Debug|Any CPU.Build.0 = Debug|Any CPU
		{B67ED3F1-A233-4753-843B-267C822BF4BB}.Release|Any CPU.ActiveCfg = Release|Any CPU
		{B67ED3F1-A233-4753-843B-267C822BF4BB}.Release|Any CPU.Build.0 = Release|Any CPU
		{8A362A5C-7F02-4153-8FAA-AA1BC726971B}.Debug|Any CPU.ActiveCfg = Debug|Any CPU
		{8A362A5C-7F02-4153-8FAA-AA1BC726971B}.Debug|Any CPU.Build.0 = Debug|Any CPU
		{8A362A5C-7F02-4153-8FAA-AA1BC726971B}.Release|Any CPU.ActiveCfg = Release|Any CPU
		{8A362A5C-7F02-4153-8FAA-AA1BC726971B}.Release|Any CPU.Build.0 = Release|Any CPU
		{F18A6026-684B-4DAE-B32B-7FBA67670BA2}.Debug|Any CPU.ActiveCfg = Debug|Any CPU
		{F18A6026-684B-4DAE-B32B-7FBA67670BA2}.Debug|Any CPU.Build.0 = Debug|Any CPU
		{F18A6026-684B-4DAE-B32B-7FBA67670BA2}.Release|Any CPU.ActiveCfg = Release|Any CPU
		{F18A6026-684B-4DAE-B32B-7FBA67670BA2}.Release|Any CPU.Build.0 = Release|Any CPU
		{97FEC807-ACFF-48D5-885D-9BEFBE81A589}.Debug|Any CPU.ActiveCfg = Debug|Any CPU
		{97FEC807-ACFF-48D5-885D-9BEFBE81A589}.Debug|Any CPU.Build.0 = Debug|Any CPU
		{97FEC807-ACFF-48D5-885D-9BEFBE81A589}.Release|Any CPU.ActiveCfg = Release|Any CPU
		{97FEC807-ACFF-48D5-885D-9BEFBE81A589}.Release|Any CPU.Build.0 = Release|Any CPU
		{3B78052E-43B4-4D00-8333-6B2464E6C81F}.Debug|Any CPU.ActiveCfg = Debug|Any CPU
		{3B78052E-43B4-4D00-8333-6B2464E6C81F}.Debug|Any CPU.Build.0 = Debug|Any CPU
		{3B78052E-43B4-4D00-8333-6B2464E6C81F}.Release|Any CPU.ActiveCfg = Release|Any CPU
		{3B78052E-43B4-4D00-8333-6B2464E6C81F}.Release|Any CPU.Build.0 = Release|Any CPU
		{63311A54-2FC4-4605-A1DE-1DC7482B77E7}.Debug|Any CPU.ActiveCfg = Debug|Any CPU
		{63311A54-2FC4-4605-A1DE-1DC7482B77E7}.Debug|Any CPU.Build.0 = Debug|Any CPU
		{63311A54-2FC4-4605-A1DE-1DC7482B77E7}.Release|Any CPU.ActiveCfg = Release|Any CPU
		{63311A54-2FC4-4605-A1DE-1DC7482B77E7}.Release|Any CPU.Build.0 = Release|Any CPU
		{03E3D874-8CC6-4713-B6CD-AC2F3E21456F}.Debug|Any CPU.ActiveCfg = Debug|Any CPU
		{03E3D874-8CC6-4713-B6CD-AC2F3E21456F}.Debug|Any CPU.Build.0 = Debug|Any CPU
		{03E3D874-8CC6-4713-B6CD-AC2F3E21456F}.Release|Any CPU.ActiveCfg = Release|Any CPU
		{03E3D874-8CC6-4713-B6CD-AC2F3E21456F}.Release|Any CPU.Build.0 = Release|Any CPU
		{B455F27E-DA2C-4698-95A5-EE7D6D5AA10C}.Debug|Any CPU.ActiveCfg = Debug|Any CPU
		{B455F27E-DA2C-4698-95A5-EE7D6D5AA10C}.Debug|Any CPU.Build.0 = Debug|Any CPU
		{B455F27E-DA2C-4698-95A5-EE7D6D5AA10C}.Release|Any CPU.ActiveCfg = Release|Any CPU
		{B455F27E-DA2C-4698-95A5-EE7D6D5AA10C}.Release|Any CPU.Build.0 = Release|Any CPU
	EndGlobalSection
	GlobalSection(SolutionProperties) = preSolution
		HideSolutionNode = FALSE
	EndGlobalSection
	GlobalSection(ExtensibilityGlobals) = postSolution
		SolutionGuid = {88C0F566-AE93-4979-9270-335D8A0BD46D}
	EndGlobalSection
EndGlobal
