
Microsoft Visual Studio Solution File, Format Version 12.00
# Visual Studio Version 17
VisualStudioVersion = 17.14.36221.1
MinimumVisualStudioVersion = 10.0.40219.1
Project("{FAE04EC0-301F-11D3-BF4B-00C04F79EFBC}") = "Project 1", "Project 1\Project 1.csproj", "{150B54F0-ABE8-453A-9F8F-E82BC12D1326}"
EndProject
Project("{FAE04EC0-301F-11D3-BF4B-00C04F79EFBC}") = "Assignment 3", "Assignment 3\Assignment 3.csproj", "{1A5B1F4C-7538-40E8-B698-0C33BCB5FC6C}"
EndProject
Project("{FAE04EC0-301F-11D3-BF4B-00C04F79EFBC}") = "assignment 4", "assignment 4\assignment 4.csproj", "{47299BDE-588C-4182-B019-E031EB5F97AE}"
EndProject
Project("{FAE04EC0-301F-11D3-BF4B-00C04F79EFBC}") = "Task_lecture", "Task_lecture\Task_lecture.csproj", "{E774380C-A5C8-4916-B601-4122782C1F2F}"
EndProject
Global
	GlobalSection(SolutionConfigurationPlatforms) = preSolution
		Debug|Any CPU = Debug|Any CPU
		Release|Any CPU = Release|Any CPU
	EndGlobalSection
	GlobalSection(ProjectConfigurationPlatforms) = postSolution
		{150B54F0-ABE8-453A-9F8F-E82BC12D1326}.Debug|Any CPU.ActiveCfg = Debug|Any CPU
		{150B54F0-ABE8-453A-9F8F-E82BC12D1326}.Debug|Any CPU.Build.0 = Debug|Any CPU
		{150B54F0-ABE8-453A-9F8F-E82BC12D1326}.Release|Any CPU.ActiveCfg = Release|Any CPU
		{150B54F0-ABE8-453A-9F8F-E82BC12D1326}.Release|Any CPU.Build.0 = Release|Any CPU
		{1A5B1F4C-7538-40E8-B698-0C33BCB5FC6C}.Debug|Any CPU.ActiveCfg = Debug|Any CPU
		{1A5B1F4C-7538-40E8-B698-0C33BCB5FC6C}.Debug|Any CPU.Build.0 = Debug|Any CPU
		{1A5B1F4C-7538-40E8-B698-0C33BCB5FC6C}.Release|Any CPU.ActiveCfg = Release|Any CPU
		{1A5B1F4C-7538-40E8-B698-0C33BCB5FC6C}.Release|Any CPU.Build.0 = Release|Any CPU
		{47299BDE-588C-4182-B019-E031EB5F97AE}.Debug|Any CPU.ActiveCfg = Debug|Any CPU
		{47299BDE-588C-4182-B019-E031EB5F97AE}.Debug|Any CPU.Build.0 = Debug|Any CPU
		{47299BDE-588C-4182-B019-E031EB5F97AE}.Release|Any CPU.ActiveCfg = Release|Any CPU
		{47299BDE-588C-4182-B019-E031EB5F97AE}.Release|Any CPU.Build.0 = Release|Any CPU
		{E774380C-A5C8-4916-B601-4122782C1F2F}.Debug|Any CPU.ActiveCfg = Debug|Any CPU
		{E774380C-A5C8-4916-B601-4122782C1F2F}.Debug|Any CPU.Build.0 = Debug|Any CPU
		{E774380C-A5C8-4916-B601-4122782C1F2F}.Release|Any CPU.ActiveCfg = Release|Any CPU
		{E774380C-A5C8-4916-B601-4122782C1F2F}.Release|Any CPU.Build.0 = Release|Any CPU
	EndGlobalSection
	GlobalSection(SolutionProperties) = preSolution
		HideSolutionNode = FALSE
	EndGlobalSection
	GlobalSection(ExtensibilityGlobals) = postSolution
		SolutionGuid = {88C0F566-AE93-4979-9270-335D8A0BD46D}
	EndGlobalSection
EndGlobal
