
Microsoft Visual Studio Solution File, Format Version 12.00
# Visual Studio Version 17
VisualStudioVersion = 17.14.36221.1 d17.14
MinimumVisualStudioVersion = 10.0.40219.1
Project("{FAE04EC0-301F-11D3-BF4B-00C04F79EFBC}") = "Collections Part 2 - Session 4", "Collections Part 2 - Session 4\Collections Part 2 - Session 4.csproj", "{B8DD4199-063F-4BB0-8A62-F5D1333B1A2C}"
EndProject
Global
	GlobalSection(SolutionConfigurationPlatforms) = preSolution
		Debug|Any CPU = Debug|Any CPU
		Release|Any CPU = Release|Any CPU
	EndGlobalSection
	GlobalSection(ProjectConfigurationPlatforms) = postSolution
		{B8DD4199-063F-4BB0-8A62-F5D1333B1A2C}.Debug|Any CPU.ActiveCfg = Debug|Any CPU
		{B8DD4199-063F-4BB0-8A62-F5D1333B1A2C}.Debug|Any CPU.Build.0 = Debug|Any CPU
		{B8DD4199-063F-4BB0-8A62-F5D1333B1A2C}.Release|Any CPU.ActiveCfg = Release|Any CPU
		{B8DD4199-063F-4BB0-8A62-F5D1333B1A2C}.Release|Any CPU.Build.0 = Release|Any CPU
	EndGlobalSection
	GlobalSection(SolutionProperties) = preSolution
		HideSolutionNode = FALSE
	EndGlobalSection
	GlobalSection(ExtensibilityGlobals) = postSolution
		SolutionGuid = {1525BED2-0F5A-4177-9137-6B6F1819F793}
	EndGlobalSection
EndGlobal
